{
  "version": 4,
  "terraform_version": "1.3.7",
  "serial": 210,
  "lineage": "dc2f6bd3-b913-e590-2b84-fa1c092c6a6c",
  "outputs": {},
  "resources": [
    {
      "mode": "managed",
      "type": "scaleway_instance_ip",
      "name": "bastion",
      "provider": "provider[\"registry.terraform.io/scaleway/scaleway\"]",
      "instances": [
        {
          "schema_version": 0,
          "attributes": {
            "address": "51.15.212.242",
            "id": "fr-par-1/86afd707-f6f6-42da-9696-a83a0f574ce7",
            "organization_id": "210d20c5-33f5-4b5f-9f58-4be397df3160",
            "project_id": "77679642-0964-4b8c-96f0-bd75f4c67126",
            "reverse": "",
            "server_id": "",
            "timeouts": null,
            "zone": "fr-par-1"
          },
          "sensitive_attributes": [],
          "private": "eyJlMmJmYjczMC1lY2FhLTExZTYtOGY4OC0zNDM2M2JjN2M0YzAiOnsiY3JlYXRlIjo2MDAwMDAwMDAwMCwiZGVmYXVsdCI6NjAwMDAwMDAwMDAsImRlbGV0ZSI6NjAwMDAwMDAwMDAsInJlYWQiOjYwMDAwMDAwMDAwLCJ1cGRhdGUiOjYwMDAwMDAwMDAwfX0="
        }
      ]
    },
    {
      "mode": "managed",
      "type": "scaleway_instance_ip",
      "name": "bootstrap",
      "provider": "provider[\"registry.terraform.io/scaleway/scaleway\"]",
      "instances": [
        {
          "index_key": 0,
          "schema_version": 0,
          "attributes": {
            "address": "51.15.204.17",
            "id": "fr-par-1/4951f0d9-54b9-46cb-ae4f-e43ab3260d38",
            "organization_id": "210d20c5-33f5-4b5f-9f58-4be397df3160",
            "project_id": "77679642-0964-4b8c-96f0-bd75f4c67126",
            "reverse": "",
            "server_id": "",
            "timeouts": null,
            "zone": "fr-par-1"
          },
          "sensitive_attributes": [],
          "private": "eyJlMmJmYjczMC1lY2FhLTExZTYtOGY4OC0zNDM2M2JjN2M0YzAiOnsiY3JlYXRlIjo2MDAwMDAwMDAwMCwiZGVmYXVsdCI6NjAwMDAwMDAwMDAsImRlbGV0ZSI6NjAwMDAwMDAwMDAsInJlYWQiOjYwMDAwMDAwMDAwLCJ1cGRhdGUiOjYwMDAwMDAwMDAwfX0="
        },
        {
          "index_key": 1,
          "schema_version": 0,
          "attributes": {
            "address": "212.47.252.8",
            "id": "fr-par-1/3ce1f16d-2bba-4c1b-be72-d0826def123a",
            "organization_id": "210d20c5-33f5-4b5f-9f58-4be397df3160",
            "project_id": "77679642-0964-4b8c-96f0-bd75f4c67126",
            "reverse": "",
            "server_id": "",
            "timeouts": null,
            "zone": "fr-par-1"
          },
          "sensitive_attributes": [],
          "private": "eyJlMmJmYjczMC1lY2FhLTExZTYtOGY4OC0zNDM2M2JjN2M0YzAiOnsiY3JlYXRlIjo2MDAwMDAwMDAwMCwiZGVmYXVsdCI6NjAwMDAwMDAwMDAsImRlbGV0ZSI6NjAwMDAwMDAwMDAsInJlYWQiOjYwMDAwMDAwMDAwLCJ1cGRhdGUiOjYwMDAwMDAwMDAwfX0="
        },
        {
          "index_key": 2,
          "schema_version": 0,
          "attributes": {
            "address": "51.15.243.51",
            "id": "fr-par-1/13bccddc-0359-471b-82f6-b81ce8bee610",
            "organization_id": "210d20c5-33f5-4b5f-9f58-4be397df3160",
            "project_id": "77679642-0964-4b8c-96f0-bd75f4c67126",
            "reverse": "",
            "server_id": "",
            "timeouts": null,
            "zone": "fr-par-1"
          },
          "sensitive_attributes": [],
          "private": "eyJlMmJmYjczMC1lY2FhLTExZTYtOGY4OC0zNDM2M2JjN2M0YzAiOnsiY3JlYXRlIjo2MDAwMDAwMDAwMCwiZGVmYXVsdCI6NjAwMDAwMDAwMDAsImRlbGV0ZSI6NjAwMDAwMDAwMDAsInJlYWQiOjYwMDAwMDAwMDAwLCJ1cGRhdGUiOjYwMDAwMDAwMDAwfX0="
        }
      ]
    },
    {
      "mode": "managed",
      "type": "scaleway_instance_ip",
      "name": "master",
      "provider": "provider[\"registry.terraform.io/scaleway/scaleway\"]",
      "instances": [
        {
          "index_key": 0,
          "schema_version": 0,
          "attributes": {
            "address": "163.172.139.49",
            "id": "fr-par-1/fff144a9-ac3c-4389-9c44-e219f801eb6c",
            "organization_id": "210d20c5-33f5-4b5f-9f58-4be397df3160",
            "project_id": "77679642-0964-4b8c-96f0-bd75f4c67126",
            "reverse": "",
            "server_id": "",
            "timeouts": null,
            "zone": "fr-par-1"
          },
          "sensitive_attributes": [],
          "private": "eyJlMmJmYjczMC1lY2FhLTExZTYtOGY4OC0zNDM2M2JjN2M0YzAiOnsiY3JlYXRlIjo2MDAwMDAwMDAwMCwiZGVmYXVsdCI6NjAwMDAwMDAwMDAsImRlbGV0ZSI6NjAwMDAwMDAwMDAsInJlYWQiOjYwMDAwMDAwMDAwLCJ1cGRhdGUiOjYwMDAwMDAwMDAwfX0="
        },
        {
          "index_key": 1,
          "schema_version": 0,
          "attributes": {
            "address": "51.15.208.188",
            "id": "fr-par-1/8384beab-53ed-46e4-8723-800fef593b7a",
            "organization_id": "210d20c5-33f5-4b5f-9f58-4be397df3160",
            "project_id": "77679642-0964-4b8c-96f0-bd75f4c67126",
            "reverse": "",
            "server_id": "",
            "timeouts": null,
            "zone": "fr-par-1"
          },
          "sensitive_attributes": [],
          "private": "eyJlMmJmYjczMC1lY2FhLTExZTYtOGY4OC0zNDM2M2JjN2M0YzAiOnsiY3JlYXRlIjo2MDAwMDAwMDAwMCwiZGVmYXVsdCI6NjAwMDAwMDAwMDAsImRlbGV0ZSI6NjAwMDAwMDAwMDAsInJlYWQiOjYwMDAwMDAwMDAwLCJ1cGRhdGUiOjYwMDAwMDAwMDAwfX0="
        },
        {
          "index_key": 2,
          "schema_version": 0,
          "attributes": {
            "address": "51.15.212.109",
            "id": "fr-par-1/72ad272b-4afb-4113-bda6-a09d2eb1ac8e",
            "organization_id": "210d20c5-33f5-4b5f-9f58-4be397df3160",
            "project_id": "77679642-0964-4b8c-96f0-bd75f4c67126",
            "reverse": "",
            "server_id": "",
            "timeouts": null,
            "zone": "fr-par-1"
          },
          "sensitive_attributes": [],
          "private": "eyJlMmJmYjczMC1lY2FhLTExZTYtOGY4OC0zNDM2M2JjN2M0YzAiOnsiY3JlYXRlIjo2MDAwMDAwMDAwMCwiZGVmYXVsdCI6NjAwMDAwMDAwMDAsImRlbGV0ZSI6NjAwMDAwMDAwMDAsInJlYWQiOjYwMDAwMDAwMDAwLCJ1cGRhdGUiOjYwMDAwMDAwMDAwfX0="
        }
      ]
    },
    {
      "mode": "managed",
      "type": "scaleway_instance_server",
      "name": "bastion",
      "provider": "provider[\"registry.terraform.io/scaleway/scaleway\"]",
      "instances": [
        {
          "schema_version": 0,
          "attributes": {
            "additional_volume_ids": null,
            "boot_type": "local",
            "bootscript_id": "fdfe150f-a870-4ce4-b432-9f56b5b995c1",
            "cloud_init": null,
            "enable_dynamic_ip": false,
            "enable_ipv6": false,
            "id": "fr-par-1/82f28e6b-ccef-4cc3-b313-084674082b6d",
            "image": "fedora-36",
            "ip_id": "fr-par-1/86afd707-f6f6-42da-9696-a83a0f574ce7",
            "ipv6_address": "",
            "ipv6_gateway": "",
            "ipv6_prefix_length": 0,
            "name": "bastion",
            "organization_id": "210d20c5-33f5-4b5f-9f58-4be397df3160",
            "placement_group_id": null,
            "placement_group_policy_respected": null,
            "private_ip": "10.74.98.33",
            "project_id": "77679642-0964-4b8c-96f0-bd75f4c67126",
            "public_ip": "51.15.212.242",
            "root_volume": [
              {
                "delete_on_termination": true,
                "size_in_gb": 20,
                "volume_id": "fr-par-1/69288aea-1d53-48ea-9c26-47e93a6d099b"
              }
            ],
            "security_group_id": "fr-par-1/ea20a3ff-146c-4df9-9c19-69d8aec366a9",
            "state": "started",
            "tags": null,
            "timeouts": null,
            "type": "DEV1-S",
            "user_data": null,
            "zone": "fr-par-1"
          },
          "sensitive_attributes": [],
          "private": "eyJlMmJmYjczMC1lY2FhLTExZTYtOGY4OC0zNDM2M2JjN2M0YzAiOnsiY3JlYXRlIjo2MDAwMDAwMDAwMDAsImRlZmF1bHQiOjYwMDAwMDAwMDAwMCwiZGVsZXRlIjo2MDAwMDAwMDAwMDAsInJlYWQiOjYwMDAwMDAwMDAwMCwidXBkYXRlIjo2MDAwMDAwMDAwMDB9fQ==",
          "dependencies": [
            "scaleway_instance_ip.bastion"
          ]
        }
      ]
    },
    {
      "mode": "managed",
      "type": "scaleway_instance_server",
      "name": "bootstrap",
      "provider": "provider[\"registry.terraform.io/scaleway/scaleway\"]",
      "instances": [
        {
          "index_key": 0,
          "schema_version": 0,
          "attributes": {
            "additional_volume_ids": null,
            "boot_type": "rescue",
            "bootscript_id": "fdfe150f-a870-4ce4-b432-9f56b5b995c1",
            "cloud_init": null,
            "enable_dynamic_ip": false,
            "enable_ipv6": false,
            "id": "fr-par-1/97050aaa-1fde-4085-886a-fbdb54bb5d59",
            "image": "fedora-36",
            "ip_id": "fr-par-1/4951f0d9-54b9-46cb-ae4f-e43ab3260d38",
            "ipv6_address": "",
            "ipv6_gateway": "",
            "ipv6_prefix_length": 0,
            "name": "bootstrap",
            "organization_id": "210d20c5-33f5-4b5f-9f58-4be397df3160",
            "placement_group_id": null,
            "placement_group_policy_respected": null,
            "private_ip": "10.64.230.19",
            "project_id": "77679642-0964-4b8c-96f0-bd75f4c67126",
            "public_ip": "51.15.204.17",
            "root_volume": [
              {
                "delete_on_termination": false,
                "size_in_gb": 40,
                "volume_id": "fr-par-1/f8dee057-6cb7-4c59-8352-1224122a22fe"
              }
            ],
            "security_group_id": "fr-par-1/ea20a3ff-146c-4df9-9c19-69d8aec366a9",
            "state": "started",
            "tags": null,
            "timeouts": null,
            "type": "DEV1-L",
            "user_data": null,
            "zone": "fr-par-1"
          },
          "sensitive_attributes": [],
          "private": "eyJlMmJmYjczMC1lY2FhLTExZTYtOGY4OC0zNDM2M2JjN2M0YzAiOnsiY3JlYXRlIjo2MDAwMDAwMDAwMDAsImRlZmF1bHQiOjYwMDAwMDAwMDAwMCwiZGVsZXRlIjo2MDAwMDAwMDAwMDAsInJlYWQiOjYwMDAwMDAwMDAwMCwidXBkYXRlIjo2MDAwMDAwMDAwMDB9fQ==",
          "dependencies": [
            "scaleway_instance_ip.bootstrap",
            "scaleway_instance_ip.master"
          ]
        }
      ]
    },
    {
      "mode": "managed",
      "type": "scaleway_instance_server",
      "name": "master",
      "provider": "provider[\"registry.terraform.io/scaleway/scaleway\"]",
      "instances": [
        {
          "index_key": 0,
          "schema_version": 0,
          "attributes": {
            "additional_volume_ids": null,
            "boot_type": "rescue",
            "bootscript_id": "fdfe150f-a870-4ce4-b432-9f56b5b995c1",
            "cloud_init": null,
            "enable_dynamic_ip": false,
            "enable_ipv6": false,
            "id": "fr-par-1/260b24a4-f5bf-4882-bd35-46f2dd49b98d",
            "image": "fedora-36",
            "ip_id": "fr-par-1/fff144a9-ac3c-4389-9c44-e219f801eb6c",
            "ipv6_address": "",
            "ipv6_gateway": "",
            "ipv6_prefix_length": 0,
            "name": "master-1",
            "organization_id": "210d20c5-33f5-4b5f-9f58-4be397df3160",
            "placement_group_id": null,
            "placement_group_policy_respected": null,
            "private_ip": "10.72.72.99",
            "project_id": "77679642-0964-4b8c-96f0-bd75f4c67126",
            "public_ip": "163.172.139.49",
            "root_volume": [
              {
                "delete_on_termination": false,
                "size_in_gb": 40,
                "volume_id": "fr-par-1/e3d0fda6-3dcd-4371-8777-79c2a249c140"
              }
            ],
            "security_group_id": "fr-par-1/ea20a3ff-146c-4df9-9c19-69d8aec366a9",
            "state": "started",
            "tags": null,
            "timeouts": null,
            "type": "DEV1-L",
            "user_data": null,
            "zone": "fr-par-1"
          },
          "sensitive_attributes": [],
          "private": "eyJlMmJmYjczMC1lY2FhLTExZTYtOGY4OC0zNDM2M2JjN2M0YzAiOnsiY3JlYXRlIjo2MDAwMDAwMDAwMDAsImRlZmF1bHQiOjYwMDAwMDAwMDAwMCwiZGVsZXRlIjo2MDAwMDAwMDAwMDAsInJlYWQiOjYwMDAwMDAwMDAwMCwidXBkYXRlIjo2MDAwMDAwMDAwMDB9fQ==",
          "dependencies": [
            "scaleway_instance_ip.master"
          ]
        },
        {
          "index_key": 1,
          "schema_version": 0,
          "attributes": {
            "additional_volume_ids": null,
            "boot_type": "rescue",
            "bootscript_id": "fdfe150f-a870-4ce4-b432-9f56b5b995c1",
            "cloud_init": null,
            "enable_dynamic_ip": false,
            "enable_ipv6": false,
            "id": "fr-par-1/3ede3fa7-1494-4dbe-9e21-2fac5df23163",
            "image": "fedora-36",
            "ip_id": "fr-par-1/8384beab-53ed-46e4-8723-800fef593b7a",
            "ipv6_address": "",
            "ipv6_gateway": "",
            "ipv6_prefix_length": 0,
            "name": "master-2",
            "organization_id": "210d20c5-33f5-4b5f-9f58-4be397df3160",
            "placement_group_id": null,
            "placement_group_policy_respected": null,
            "private_ip": "10.68.198.7",
            "project_id": "77679642-0964-4b8c-96f0-bd75f4c67126",
            "public_ip": "51.15.208.188",
            "root_volume": [
              {
                "delete_on_termination": false,
                "size_in_gb": 40,
                "volume_id": "fr-par-1/6e0ca0ab-1c0d-45e9-91b6-ff564f2f257f"
              }
            ],
            "security_group_id": "fr-par-1/ea20a3ff-146c-4df9-9c19-69d8aec366a9",
            "state": "started",
            "tags": null,
            "timeouts": null,
            "type": "DEV1-L",
            "user_data": null,
            "zone": "fr-par-1"
          },
          "sensitive_attributes": [],
          "private": "eyJlMmJmYjczMC1lY2FhLTExZTYtOGY4OC0zNDM2M2JjN2M0YzAiOnsiY3JlYXRlIjo2MDAwMDAwMDAwMDAsImRlZmF1bHQiOjYwMDAwMDAwMDAwMCwiZGVsZXRlIjo2MDAwMDAwMDAwMDAsInJlYWQiOjYwMDAwMDAwMDAwMCwidXBkYXRlIjo2MDAwMDAwMDAwMDB9fQ==",
          "dependencies": [
            "scaleway_instance_ip.master"
          ]
        },
        {
          "index_key": 2,
          "schema_version": 0,
          "attributes": {
            "additional_volume_ids": null,
            "boot_type": "rescue",
            "bootscript_id": "fdfe150f-a870-4ce4-b432-9f56b5b995c1",
            "cloud_init": null,
            "enable_dynamic_ip": false,
            "enable_ipv6": false,
            "id": "fr-par-1/12a1453f-d59d-4b76-948b-a8bec32aa0e5",
            "image": "fedora-36",
            "ip_id": "fr-par-1/72ad272b-4afb-4113-bda6-a09d2eb1ac8e",
            "ipv6_address": "",
            "ipv6_gateway": "",
            "ipv6_prefix_length": 0,
            "name": "master-3",
            "organization_id": "210d20c5-33f5-4b5f-9f58-4be397df3160",
            "placement_group_id": null,
            "placement_group_policy_respected": null,
            "private_ip": "10.69.118.1",
            "project_id": "77679642-0964-4b8c-96f0-bd75f4c67126",
            "public_ip": "51.15.212.109",
            "root_volume": [
              {
                "delete_on_termination": false,
                "size_in_gb": 40,
                "volume_id": "fr-par-1/08434a70-ec9d-4d2a-9355-daa17e815308"
              }
            ],
            "security_group_id": "fr-par-1/ea20a3ff-146c-4df9-9c19-69d8aec366a9",
            "state": "started",
            "tags": null,
            "timeouts": null,
            "type": "DEV1-L",
            "user_data": null,
            "zone": "fr-par-1"
          },
          "sensitive_attributes": [],
          "private": "eyJlMmJmYjczMC1lY2FhLTExZTYtOGY4OC0zNDM2M2JjN2M0YzAiOnsiY3JlYXRlIjo2MDAwMDAwMDAwMDAsImRlZmF1bHQiOjYwMDAwMDAwMDAwMCwiZGVsZXRlIjo2MDAwMDAwMDAwMDAsInJlYWQiOjYwMDAwMDAwMDAwMCwidXBkYXRlIjo2MDAwMDAwMDAwMDB9fQ==",
          "dependencies": [
            "scaleway_instance_ip.master"
          ]
        }
      ]
    },
    {
      "mode": "managed",
      "type": "scaleway_lb",
      "name": "api_openshift_lb",
      "provider": "provider[\"registry.terraform.io/scaleway/scaleway\"]",
      "instances": [
        {
          "schema_version": 0,
          "attributes": {
            "id": "fr-par/c5bd1688-6bc8-4bd0-8d49-848c187604ce",
            "ip_address": "51.159.8.144",
            "ip_id": "fr-par/bbca4919-e7f5-4f3f-a5f4-f21c7331df8b",
            "name": "api_openshift_lb",
            "organization_id": "210d20c5-33f5-4b5f-9f58-4be397df3160",
            "project_id": "77679642-0964-4b8c-96f0-bd75f4c67126",
            "region": "fr-par",
            "tags": [
              "openshift"
            ],
            "timeouts": null,
            "type": "LB-S"
          },
          "sensitive_attributes": [],
          "private": "eyJlMmJmYjczMC1lY2FhLTExZTYtOGY4OC0zNDM2M2JjN2M0YzAiOnsiY3JlYXRlIjo2MDAwMDAwMDAwMDAsImRlZmF1bHQiOjYwMDAwMDAwMDAwMCwiZGVsZXRlIjo2MDAwMDAwMDAwMDAsInJlYWQiOjYwMDAwMDAwMDAwMCwidXBkYXRlIjo2MDAwMDAwMDAwMDB9fQ==",
          "dependencies": [
            "scaleway_lb_ip.api"
          ]
        }
      ]
    },
    {
      "mode": "managed",
      "type": "scaleway_lb",
      "name": "apps_openshift_lb",
      "provider": "provider[\"registry.terraform.io/scaleway/scaleway\"]",
      "instances": [
        {
          "schema_version": 0,
          "attributes": {
            "id": "fr-par/d5af0153-7cff-4e64-a109-a4c910f19dbb",
            "ip_address": "51.159.25.16",
            "ip_id": "fr-par/bd62f876-1f47-4aa5-bfac-62323ac0a8fd",
            "name": "apps_openshift_lb",
            "organization_id": "210d20c5-33f5-4b5f-9f58-4be397df3160",
            "project_id": "77679642-0964-4b8c-96f0-bd75f4c67126",
            "region": "fr-par",
            "tags": [
              "openshift"
            ],
            "timeouts": null,
            "type": "LB-S"
          },
          "sensitive_attributes": [],
          "private": "eyJlMmJmYjczMC1lY2FhLTExZTYtOGY4OC0zNDM2M2JjN2M0YzAiOnsiY3JlYXRlIjo2MDAwMDAwMDAwMDAsImRlZmF1bHQiOjYwMDAwMDAwMDAwMCwiZGVsZXRlIjo2MDAwMDAwMDAwMDAsInJlYWQiOjYwMDAwMDAwMDAwMCwidXBkYXRlIjo2MDAwMDAwMDAwMDB9fQ==",
          "dependencies": [
            "scaleway_lb_ip.apps"
          ]
        }
      ]
    },
    {
      "mode": "managed",
      "type": "scaleway_lb_backend",
      "name": "api_openshift_backend_22623",
      "provider": "provider[\"registry.terraform.io/scaleway/scaleway\"]",
      "instances": [
        {
          "schema_version": 0,
          "attributes": {
            "forward_port": 22623,
            "forward_port_algorithm": "roundrobin",
            "forward_protocol": "tcp",
            "health_check_delay": "1m0s",
            "health_check_http": [],
            "health_check_https": [],
            "health_check_max_retries": 2,
            "health_check_port": 22623,
            "health_check_tcp": [
              {}
            ],
            "health_check_timeout": "30s",
            "id": "fr-par/fcf6cd4c-fa4c-44e7-8798-ac8d5b834b7d",
            "lb_id": "fr-par/c5bd1688-6bc8-4bd0-8d49-848c187604ce",
            "name": "api_openshift_backend_22623",
            "on_marked_down_action": "none",
            "proxy_protocol": "none",
            "send_proxy_v2": false,
            "server_ips": [
              "163.172.139.49",
              "51.15.208.188",
              "51.15.212.109"
            ],
            "sticky_sessions": "none",
            "sticky_sessions_cookie_name": "",
            "timeout_connect": "",
            "timeout_server": "",
            "timeout_tunnel": "",
            "timeouts": null
          },
          "sensitive_attributes": [],
          "private": "eyJlMmJmYjczMC1lY2FhLTExZTYtOGY4OC0zNDM2M2JjN2M0YzAiOnsiY3JlYXRlIjo2MDAwMDAwMDAwMDAsImRlZmF1bHQiOjYwMDAwMDAwMDAwMCwiZGVsZXRlIjo2MDAwMDAwMDAwMDAsInJlYWQiOjYwMDAwMDAwMDAwMCwidXBkYXRlIjo2MDAwMDAwMDAwMDB9fQ==",
          "dependencies": [
            "scaleway_instance_ip.master",
            "scaleway_lb.api_openshift_lb"
          ]
        }
      ]
    },
    {
      "mode": "managed",
      "type": "scaleway_lb_backend",
      "name": "api_openshift_backend_6443",
      "provider": "provider[\"registry.terraform.io/scaleway/scaleway\"]",
      "instances": [
        {
          "schema_version": 0,
          "attributes": {
            "forward_port": 6443,
            "forward_port_algorithm": "roundrobin",
            "forward_protocol": "tcp",
            "health_check_delay": "1m0s",
            "health_check_http": [],
            "health_check_https": [],
            "health_check_max_retries": 2,
            "health_check_port": 6443,
            "health_check_tcp": [
              {}
            ],
            "health_check_timeout": "30s",
            "id": "fr-par/d45a78c6-4272-41c2-9b10-67f6dd0a2b21",
            "lb_id": "fr-par/c5bd1688-6bc8-4bd0-8d49-848c187604ce",
            "name": "api_openshift_backend_6443",
            "on_marked_down_action": "none",
            "proxy_protocol": "none",
            "send_proxy_v2": false,
            "server_ips": [
              "163.172.139.49",
              "51.15.208.188",
              "51.15.212.109"
            ],
            "sticky_sessions": "none",
            "sticky_sessions_cookie_name": "",
            "timeout_connect": "",
            "timeout_server": "",
            "timeout_tunnel": "",
            "timeouts": null
          },
          "sensitive_attributes": [],
          "private": "eyJlMmJmYjczMC1lY2FhLTExZTYtOGY4OC0zNDM2M2JjN2M0YzAiOnsiY3JlYXRlIjo2MDAwMDAwMDAwMDAsImRlZmF1bHQiOjYwMDAwMDAwMDAwMCwiZGVsZXRlIjo2MDAwMDAwMDAwMDAsInJlYWQiOjYwMDAwMDAwMDAwMCwidXBkYXRlIjo2MDAwMDAwMDAwMDB9fQ==",
          "dependencies": [
            "scaleway_instance_ip.master",
            "scaleway_lb.api_openshift_lb"
          ]
        }
      ]
    },
    {
      "mode": "managed",
      "type": "scaleway_lb_backend",
      "name": "apps_openshift_backend_443",
      "provider": "provider[\"registry.terraform.io/scaleway/scaleway\"]",
      "instances": [
        {
          "schema_version": 0,
          "attributes": {
            "forward_port": 443,
            "forward_port_algorithm": "roundrobin",
            "forward_protocol": "http",
            "health_check_delay": "1m0s",
            "health_check_http": [],
            "health_check_https": [],
            "health_check_max_retries": 2,
            "health_check_port": 443,
            "health_check_tcp": [
              {}
            ],
            "health_check_timeout": "30s",
            "id": "fr-par/708a9220-146e-4a05-a33c-4509eb23a085",
            "lb_id": "fr-par/d5af0153-7cff-4e64-a109-a4c910f19dbb",
            "name": "apps_openshift_backend_443",
            "on_marked_down_action": "none",
            "proxy_protocol": "none",
            "send_proxy_v2": false,
            "server_ips": [
              "163.172.139.49",
              "51.15.208.188",
              "51.15.212.109"
            ],
            "sticky_sessions": "none",
            "sticky_sessions_cookie_name": "",
            "timeout_connect": "",
            "timeout_server": "",
            "timeout_tunnel": "",
            "timeouts": null
          },
          "sensitive_attributes": [],
          "private": "eyJlMmJmYjczMC1lY2FhLTExZTYtOGY4OC0zNDM2M2JjN2M0YzAiOnsiY3JlYXRlIjo2MDAwMDAwMDAwMDAsImRlZmF1bHQiOjYwMDAwMDAwMDAwMCwiZGVsZXRlIjo2MDAwMDAwMDAwMDAsInJlYWQiOjYwMDAwMDAwMDAwMCwidXBkYXRlIjo2MDAwMDAwMDAwMDB9fQ==",
          "dependencies": [
            "scaleway_instance_ip.master",
            "scaleway_lb.apps_openshift_lb"
          ]
        }
      ]
    },
    {
      "mode": "managed",
      "type": "scaleway_lb_backend",
      "name": "apps_openshift_backend_80",
      "provider": "provider[\"registry.terraform.io/scaleway/scaleway\"]",
      "instances": [
        {
          "schema_version": 0,
          "attributes": {
            "forward_port": 80,
            "forward_port_algorithm": "roundrobin",
            "forward_protocol": "http",
            "health_check_delay": "1m0s",
            "health_check_http": [],
            "health_check_https": [],
            "health_check_max_retries": 2,
            "health_check_port": 80,
            "health_check_tcp": [
              {}
            ],
            "health_check_timeout": "30s",
            "id": "fr-par/fb69bfe7-c77e-4a71-bef0-da3c5007ba5c",
            "lb_id": "fr-par/d5af0153-7cff-4e64-a109-a4c910f19dbb",
            "name": "apps_openshift_backend_80",
            "on_marked_down_action": "none",
            "proxy_protocol": "none",
            "send_proxy_v2": false,
            "server_ips": [
              "163.172.139.49",
              "51.15.208.188",
              "51.15.212.109"
            ],
            "sticky_sessions": "none",
            "sticky_sessions_cookie_name": "",
            "timeout_connect": "",
            "timeout_server": "",
            "timeout_tunnel": "",
            "timeouts": null
          },
          "sensitive_attributes": [],
          "private": "eyJlMmJmYjczMC1lY2FhLTExZTYtOGY4OC0zNDM2M2JjN2M0YzAiOnsiY3JlYXRlIjo2MDAwMDAwMDAwMDAsImRlZmF1bHQiOjYwMDAwMDAwMDAwMCwiZGVsZXRlIjo2MDAwMDAwMDAwMDAsInJlYWQiOjYwMDAwMDAwMDAwMCwidXBkYXRlIjo2MDAwMDAwMDAwMDB9fQ==",
          "dependencies": [
            "scaleway_instance_ip.master",
            "scaleway_lb.apps_openshift_lb"
          ]
        }
      ]
    },
    {
      "mode": "managed",
      "type": "scaleway_lb_frontend",
      "name": "apps_openshift_frontend_22623",
      "provider": "provider[\"registry.terraform.io/scaleway/scaleway\"]",
      "instances": [
        {
          "schema_version": 0,
          "attributes": {
            "acl": [],
            "backend_id": "fr-par/fcf6cd4c-fa4c-44e7-8798-ac8d5b834b7d",
            "certificate_id": "",
            "id": "fr-par/d8d0e830-0c72-496b-9d30-31a00d50b1b8",
            "inbound_port": 22623,
            "lb_id": "fr-par/c5bd1688-6bc8-4bd0-8d49-848c187604ce",
            "name": "api_openshift_frontend_22623",
            "timeout_client": "",
            "timeouts": null
          },
          "sensitive_attributes": [],
          "private": "eyJlMmJmYjczMC1lY2FhLTExZTYtOGY4OC0zNDM2M2JjN2M0YzAiOnsiY3JlYXRlIjo2MDAwMDAwMDAwMDAsImRlZmF1bHQiOjYwMDAwMDAwMDAwMCwiZGVsZXRlIjo2MDAwMDAwMDAwMDAsInJlYWQiOjYwMDAwMDAwMDAwMCwidXBkYXRlIjo2MDAwMDAwMDAwMDB9fQ==",
          "dependencies": [
            "scaleway_instance_ip.master",
            "scaleway_lb.api_openshift_lb",
            "scaleway_lb_backend.api_openshift_backend_22623",
            "scaleway_lb_ip.api"
          ]
        }
      ]
    },
    {
      "mode": "managed",
      "type": "scaleway_lb_frontend",
      "name": "apps_openshift_frontend_443",
      "provider": "provider[\"registry.terraform.io/scaleway/scaleway\"]",
      "instances": [
        {
          "schema_version": 0,
          "attributes": {
            "acl": [],
            "backend_id": "fr-par/708a9220-146e-4a05-a33c-4509eb23a085",
            "certificate_id": "",
            "id": "fr-par/c972b8e8-58f7-4964-b362-2989b8176d7c",
            "inbound_port": 443,
            "lb_id": "fr-par/d5af0153-7cff-4e64-a109-a4c910f19dbb",
            "name": "apps_openshift_frontend_443",
            "timeout_client": "",
            "timeouts": null
          },
          "sensitive_attributes": [],
          "private": "eyJlMmJmYjczMC1lY2FhLTExZTYtOGY4OC0zNDM2M2JjN2M0YzAiOnsiY3JlYXRlIjo2MDAwMDAwMDAwMDAsImRlZmF1bHQiOjYwMDAwMDAwMDAwMCwiZGVsZXRlIjo2MDAwMDAwMDAwMDAsInJlYWQiOjYwMDAwMDAwMDAwMCwidXBkYXRlIjo2MDAwMDAwMDAwMDB9fQ==",
          "dependencies": [
            "scaleway_instance_ip.master",
            "scaleway_lb.apps_openshift_lb",
            "scaleway_lb_backend.apps_openshift_backend_443",
            "scaleway_lb_ip.apps"
          ]
        }
      ]
    },
    {
      "mode": "managed",
      "type": "scaleway_lb_frontend",
      "name": "apps_openshift_frontend_6443",
      "provider": "provider[\"registry.terraform.io/scaleway/scaleway\"]",
      "instances": [
        {
          "schema_version": 0,
          "attributes": {
            "acl": [],
            "backend_id": "fr-par/d45a78c6-4272-41c2-9b10-67f6dd0a2b21",
            "certificate_id": "",
            "id": "fr-par/4dcc0de8-86ee-410e-8e65-34a5f5909d9a",
            "inbound_port": 6443,
            "lb_id": "fr-par/c5bd1688-6bc8-4bd0-8d49-848c187604ce",
            "name": "api_openshift_frontend_6443",
            "timeout_client": "",
            "timeouts": null
          },
          "sensitive_attributes": [],
          "private": "eyJlMmJmYjczMC1lY2FhLTExZTYtOGY4OC0zNDM2M2JjN2M0YzAiOnsiY3JlYXRlIjo2MDAwMDAwMDAwMDAsImRlZmF1bHQiOjYwMDAwMDAwMDAwMCwiZGVsZXRlIjo2MDAwMDAwMDAwMDAsInJlYWQiOjYwMDAwMDAwMDAwMCwidXBkYXRlIjo2MDAwMDAwMDAwMDB9fQ==",
          "dependencies": [
            "scaleway_instance_ip.master",
            "scaleway_lb.api_openshift_lb",
            "scaleway_lb_backend.api_openshift_backend_6443",
            "scaleway_lb_ip.api"
          ]
        }
      ]
    },
    {
      "mode": "managed",
      "type": "scaleway_lb_frontend",
      "name": "apps_openshift_frontend_80",
      "provider": "provider[\"registry.terraform.io/scaleway/scaleway\"]",
      "instances": [
        {
          "schema_version": 0,
          "attributes": {
            "acl": [],
            "backend_id": "fr-par/fb69bfe7-c77e-4a71-bef0-da3c5007ba5c",
            "certificate_id": "",
            "id": "fr-par/03df1143-9226-4e60-b42b-95a70ee7d601",
            "inbound_port": 80,
            "lb_id": "fr-par/d5af0153-7cff-4e64-a109-a4c910f19dbb",
            "name": "apps_openshift_frontend_80",
            "timeout_client": "",
            "timeouts": null
          },
          "sensitive_attributes": [],
          "private": "eyJlMmJmYjczMC1lY2FhLTExZTYtOGY4OC0zNDM2M2JjN2M0YzAiOnsiY3JlYXRlIjo2MDAwMDAwMDAwMDAsImRlZmF1bHQiOjYwMDAwMDAwMDAwMCwiZGVsZXRlIjo2MDAwMDAwMDAwMDAsInJlYWQiOjYwMDAwMDAwMDAwMCwidXBkYXRlIjo2MDAwMDAwMDAwMDB9fQ==",
          "dependencies": [
            "scaleway_instance_ip.master",
            "scaleway_lb.apps_openshift_lb",
            "scaleway_lb_backend.apps_openshift_backend_80",
            "scaleway_lb_ip.apps"
          ]
        }
      ]
    },
    {
      "mode": "managed",
      "type": "scaleway_lb_ip",
      "name": "api",
      "provider": "provider[\"registry.terraform.io/scaleway/scaleway\"]",
      "instances": [
        {
          "schema_version": 0,
          "attributes": {
            "id": "fr-par/bbca4919-e7f5-4f3f-a5f4-f21c7331df8b",
            "ip_address": "51.159.8.144",
            "lb_id": "c5bd1688-6bc8-4bd0-8d49-848c187604ce",
            "organization_id": "210d20c5-33f5-4b5f-9f58-4be397df3160",
            "project_id": "77679642-0964-4b8c-96f0-bd75f4c67126",
            "region": "fr-par",
            "reverse": "51-159-8-144.lb.fr-par.scw.cloud",
            "timeouts": null
          },
          "sensitive_attributes": [],
          "private": "eyJlMmJmYjczMC1lY2FhLTExZTYtOGY4OC0zNDM2M2JjN2M0YzAiOnsiY3JlYXRlIjo2MDAwMDAwMDAwMDAsImRlZmF1bHQiOjYwMDAwMDAwMDAwMCwiZGVsZXRlIjo2MDAwMDAwMDAwMDAsInJlYWQiOjYwMDAwMDAwMDAwMCwidXBkYXRlIjo2MDAwMDAwMDAwMDB9fQ=="
        }
      ]
    },
    {
      "mode": "managed",
      "type": "scaleway_lb_ip",
      "name": "apps",
      "provider": "provider[\"registry.terraform.io/scaleway/scaleway\"]",
      "instances": [
        {
          "schema_version": 0,
          "attributes": {
            "id": "fr-par/bd62f876-1f47-4aa5-bfac-62323ac0a8fd",
            "ip_address": "51.159.25.16",
            "lb_id": "d5af0153-7cff-4e64-a109-a4c910f19dbb",
            "organization_id": "210d20c5-33f5-4b5f-9f58-4be397df3160",
            "project_id": "77679642-0964-4b8c-96f0-bd75f4c67126",
            "region": "fr-par",
            "reverse": "51-159-25-16.lb.fr-par.scw.cloud",
            "timeouts": null
          },
          "sensitive_attributes": [],
          "private": "eyJlMmJmYjczMC1lY2FhLTExZTYtOGY4OC0zNDM2M2JjN2M0YzAiOnsiY3JlYXRlIjo2MDAwMDAwMDAwMDAsImRlZmF1bHQiOjYwMDAwMDAwMDAwMCwiZGVsZXRlIjo2MDAwMDAwMDAwMDAsInJlYWQiOjYwMDAwMDAwMDAwMCwidXBkYXRlIjo2MDAwMDAwMDAwMDB9fQ=="
        }
      ]
    }
  ],
  "check_results": null
}
